{
    "_readme": [
        "This file locks the dependencies of your project to a known state",
        "Read more about it at https://getcomposer.org/doc/01-basic-usage.md#installing-dependencies",
        "This file is @generated automatically"
    ],
    "content-hash": "8696c29a6f764225e0cb97af3e37aa71",
    "packages": [],
    "packages-dev": [],
    "aliases": [],
    "minimum-stability": "stable",
    "stability-flags": [],
    "prefer-stable": false,
    "prefer-lowest": false,
    "platform": {
        "ext-sqlite3": "*",
        "ext-openssl": "*",
        "ext-gd": "*",
        "ext-dom": "*"
    },
    "platform-dev": [],
    "plugin-api-version": "2.1.0"
}
